// !$*UTF8*$!
{
	archiveVersion = 1;
	classes = {
	};
	objectVersion = 52;
	objects = {

/* Begin PBXBuildFile section */
		76BAD874251EE77E00C25512 /* ProjectICNSApp.swift in Sources */ = {isa = PBXBuildFile; fileRef = 76BAD873251EE77E00C25512 /* ProjectICNSApp.swift */; };
		76BAD876251EE77E00C25512 /* HomeThemeDocument.swift in Sources */ = {isa = PBXBuildFile; fileRef = 76BAD875251EE77E00C25512 /* HomeThemeDocument.swift */; };
		76BAD878251EE77E00C25512 /* ContentView.swift in Sources */ = {isa = PBXBuildFile; fileRef = 76BAD877251EE77E00C25512 /* ContentView.swift */; };
		76BAD87A251EE78000C25512 /* Assets.xcassets in Resources */ = {isa = PBXBuildFile; fileRef = 76BAD879251EE78000C25512 /* Assets.xcassets */; };
		76BAD87D251EE78000C25512 /* Preview Assets.xcassets in Resources */ = {isa = PBXBuildFile; fileRef = 76BAD87C251EE78000C25512 /* Preview Assets.xcassets */; };
		76BAD888251FC08800C25512 /* ProjectEditor.swift in Sources */ = {isa = PBXBuildFile; fileRef = 76BAD887251FC08800C25512 /* ProjectEditor.swift */; };
		76BAD88E251FCA3600C25512 /* SwiftUIX in Frameworks */ = {isa = PBXBuildFile; productRef = 76BAD88D251FCA3600C25512 /* SwiftUIX */; };
		76BAD891251FD86200C25512 /* plist Generator.swift in Sources */ = {isa = PBXBuildFile; fileRef = 76BAD890251FD86200C25512 /* plist Generator.swift */; };
/* End PBXBuildFile section */

/* Begin PBXFileReference section */
		76BAD870251EE77E00C25512 /* Project ICNS.app */ = {isa = PBXFileReference; explicitFileType = wrapper.application; includeInIndex = 0; path = "Project ICNS.app"; sourceTree = BUILT_PRODUCTS_DIR; };
		76BAD873251EE77E00C25512 /* ProjectICNSApp.swift */ = {isa = PBXFileReference; lastKnownFileType = sourcecode.swift; path = ProjectICNSApp.swift; sourceTree = "<group>"; };
		76BAD875251EE77E00C25512 /* HomeThemeDocument.swift */ = {isa = PBXFileReference; lastKnownFileType = sourcecode.swift; path = HomeThemeDocument.swift; sourceTree = "<group>"; };
		76BAD877251EE77E00C25512 /* ContentView.swift */ = {isa = PBXFileReference; lastKnownFileType = sourcecode.swift; path = ContentView.swift; sourceTree = "<group>"; };
		76BAD879251EE78000C25512 /* Assets.xcassets */ = {isa = PBXFileReference; lastKnownFileType = folder.assetcatalog; path = Assets.xcassets; sourceTree = "<group>"; };
		76BAD87C251EE78000C25512 /* Preview Assets.xcassets */ = {isa = PBXFileReference; lastKnownFileType = folder.assetcatalog; path = "Preview Assets.xcassets"; sourceTree = "<group>"; };
		76BAD87E251EE78000C25512 /* Info.plist */ = {isa = PBXFileReference; lastKnownFileType = text.plist.xml; path = Info.plist; sourceTree = "<group>"; };
		76BAD887251FC08800C25512 /* ProjectEditor.swift */ = {isa = PBXFileReference; lastKnownFileType = sourcecode.swift; path = ProjectEditor.swift; sourceTree = "<group>"; };
		76BAD88A251FCA2C00C25512 /* SwiftUIX-0.0.3 */ = {isa = PBXFileReference; lastKnownFileType = folder; name = "SwiftUIX-0.0.3"; path = "../../Downloads/SwiftUIX-0.0.3"; sourceTree = "<group>"; };
		76BAD890251FD86200C25512 /* plist Generator.swift */ = {isa = PBXFileReference; lastKnownFileType = sourcecode.swift; path = "plist Generator.swift"; sourceTree = "<group>"; };
/* End PBXFileReference section */

/* Begin PBXFrameworksBuildPhase section */
		76BAD86D251EE77D00C25512 /* Frameworks */ = {
			isa = PBXFrameworksBuildPhase;
			buildActionMask = 2147483647;
			files = (
				76BAD88E251FCA3600C25512 /* SwiftUIX in Frameworks */,
			);
			runOnlyForDeploymentPostprocessing = 0;
		};
/* End PBXFrameworksBuildPhase section */

/* Begin PBXGroup section */
		76BAD867251EE77D00C25512 = {
			isa = PBXGroup;
			children = (
				76BAD88A251FCA2C00C25512 /* SwiftUIX-0.0.3 */,
				76BAD872251EE77E00C25512 /* Project ICNS */,
				76BAD871251EE77E00C25512 /* Products */,
				76BAD88C251FCA3600C25512 /* Frameworks */,
			);
			sourceTree = "<group>";
		};
		76BAD871251EE77E00C25512 /* Products */ = {
			isa = PBXGroup;
			children = (
				76BAD870251EE77E00C25512 /* Project ICNS.app */,
			);
			name = Products;
			sourceTree = "<group>";
		};
		76BAD872251EE77E00C25512 /* Project ICNS */ = {
			isa = PBXGroup;
			children = (
				76BAD873251EE77E00C25512 /* ProjectICNSApp.swift */,
				76BAD875251EE77E00C25512 /* HomeThemeDocument.swift */,
				76BAD877251EE77E00C25512 /* ContentView.swift */,
				76BAD887251FC08800C25512 /* ProjectEditor.swift */,
				76BAD890251FD86200C25512 /* plist Generator.swift */,
				76BAD879251EE78000C25512 /* Assets.xcassets */,
				76BAD87E251EE78000C25512 /* Info.plist */,
				76BAD87B251EE78000C25512 /* Preview Content */,
			);
			path = "Project ICNS";
			sourceTree = "<group>";
		};
		76BAD87B251EE78000C25512 /* Preview Content */ = {
			isa = PBXGroup;
			children = (
				76BAD87C251EE78000C25512 /* Preview Assets.xcassets */,
			);
			path = "Preview Content";
			sourceTree = "<group>";
		};
		76BAD88C251FCA3600C25512 /* Frameworks */ = {
			isa = PBXGroup;
			children = (
			);
			name = Frameworks;
			sourceTree = "<group>";
		};
/* End PBXGroup section */

/* Begin PBXNativeTarget section */
		76BAD86F251EE77D00C25512 /* Project ICNS */ = {
			isa = PBXNativeTarget;
			buildConfigurationList = 76BAD881251EE78000C25512 /* Build configuration list for PBXNativeTarget "Project ICNS" */;
			buildPhases = (
				76BAD86C251EE77D00C25512 /* Sources */,
				76BAD86D251EE77D00C25512 /* Frameworks */,
				76BAD86E251EE77D00C25512 /* Resources */,
			);
			buildRules = (
			);
			dependencies = (
			);
			name = "Project ICNS";
			packageProductDependencies = (
				76BAD88D251FCA3600C25512 /* SwiftUIX */,
			);
			productName = "Project ICNS";
			productReference = 76BAD870251EE77E00C25512 /* Project ICNS.app */;
			productType = "com.apple.product-type.application";
		};
/* End PBXNativeTarget section */

/* Begin PBXProject section */
		76BAD868251EE77D00C25512 /* Project object */ = {
			isa = PBXProject;
			attributes = {
				LastSwiftUpdateCheck = 1220;
				LastUpgradeCheck = 1220;
				TargetAttributes = {
					76BAD86F251EE77D00C25512 = {
						CreatedOnToolsVersion = 12.2;
					};
				};
			};
			buildConfigurationList = 76BAD86B251EE77D00C25512 /* Build configuration list for PBXProject "Project ICNS" */;
			compatibilityVersion = "Xcode 9.3";
			developmentRegion = en;
			hasScannedForEncodings = 0;
			knownRegions = (
				en,
				Base,
			);
			mainGroup = 76BAD867251EE77D00C25512;
			productRefGroup = 76BAD871251EE77E00C25512 /* Products */;
			projectDirPath = "";
			projectRoot = "";
			targets = (
				76BAD86F251EE77D00C25512 /* Project ICNS */,
			);
		};
/* End PBXProject section */

/* Begin PBXResourcesBuildPhase section */
		76BAD86E251EE77D00C25512 /* Resources */ = {
			isa = PBXResourcesBuildPhase;
			buildActionMask = 2147483647;
			files = (
				76BAD87D251EE78000C25512 /* Preview Assets.xcassets in Resources */,
				76BAD87A251EE78000C25512 /* Assets.xcassets in Resources */,
			);
			runOnlyForDeploymentPostprocessing = 0;
		};
/* End PBXResourcesBuildPhase section */

/* Begin PBXSourcesBuildPhase section */
		76BAD86C251EE77D00C25512 /* Sources */ = {
			isa = PBXSourcesBuildPhase;
			buildActionMask = 2147483647;
			files = (
				76BAD888251FC08800C25512 /* ProjectEditor.swift in Sources */,
				76BAD874251EE77E00C25512 /* ProjectICNSApp.swift in Sources */,
				76BAD891251FD86200C25512 /* plist Generator.swift in Sources */,
				76BAD876251EE77E00C25512 /* HomeThemeDocument.swift in Sources */,
				76BAD878251EE77E00C25512 /* ContentView.swift in Sources */,
			);
			runOnlyForDeploymentPostprocessing = 0;
		};
/* End PBXSourcesBuildPhase section */

/* Begin XCBuildConfiguration section */
		76BAD87F251EE78000C25512 /* Debug */ = {
			isa = XCBuildConfiguration;
			buildSettings = {
				ALWAYS_SEARCH_USER_PATHS = NO;
				CLANG_ANALYZER_NONNULL = YES;
				CLANG_ANALYZER_NUMBER_OBJECT_CONVERSION = YES_AGGRESSIVE;
				CLANG_CXX_LANGUAGE_STANDARD = "gnu++14";
				CLANG_CXX_LIBRARY = "libc++";
				CLANG_ENABLE_MODULES = YES;
				CLANG_ENABLE_OBJC_ARC = YES;
				CLANG_ENABLE_OBJC_WEAK = YES;
				CLANG_WARN_BLOCK_CAPTURE_AUTORELEASING = YES;
				CLANG_WARN_BOOL_CONVERSION = YES;
				CLANG_WARN_COMMA = YES;
				CLANG_WARN_CONSTANT_CONVERSION = YES;
				CLANG_WARN_DEPRECATED_OBJC_IMPLEMENTATIONS = YES;
				CLANG_WARN_DIRECT_OBJC_ISA_USAGE = YES_ERROR;
				CLANG_WARN_DOCUMENTATION_COMMENTS = YES;
				CLANG_WARN_EMPTY_BODY = YES;
				CLANG_WARN_ENUM_CONVERSION = YES;
				CLANG_WARN_INFINITE_RECURSION = YES;
				CLANG_WARN_INT_CONVERSION = YES;
				CLANG_WARN_NON_LITERAL_NULL_CONVERSION = YES;
				CLANG_WARN_OBJC_IMPLICIT_RETAIN_SELF = YES;
				CLANG_WARN_OBJC_LITERAL_CONVERSION = YES;
				CLANG_WARN_OBJC_ROOT_CLASS = YES_ERROR;
				CLANG_WARN_QUOTED_INCLUDE_IN_FRAMEWORK_HEADER = YES;
				CLANG_WARN_RANGE_LOOP_ANALYSIS = YES;
				CLANG_WARN_STRICT_PROTOTYPES = YES;
				CLANG_WARN_SUSPICIOUS_MOVE = YES;
				CLANG_WARN_UNGUARDED_AVAILABILITY = YES_AGGRESSIVE;
				CLANG_WARN_UNREACHABLE_CODE = YES;
				CLANG_WARN__DUPLICATE_METHOD_MATCH = YES;
				COPY_PHASE_STRIP = NO;
				DEBUG_INFORMATION_FORMAT = dwarf;
				ENABLE_STRICT_OBJC_MSGSEND = YES;
				ENABLE_TESTABILITY = YES;
				GCC_C_LANGUAGE_STANDARD = gnu11;
				GCC_DYNAMIC_NO_PIC = NO;
				GCC_NO_COMMON_BLOCKS = YES;
				GCC_OPTIMIZATION_LEVEL = 0;
				GCC_PREPROCESSOR_DEFINITIONS = (
					"DEBUG=1",
					"$(inherited)",
				);
				GCC_WARN_64_TO_32_BIT_CONVERSION = YES;
				GCC_WARN_ABOUT_RETURN_TYPE = YES_ERROR;
				GCC_WARN_UNDECLARED_SELECTOR = YES;
				GCC_WARN_UNINITIALIZED_AUTOS = YES_AGGRESSIVE;
				GCC_WARN_UNUSED_FUNCTION = YES;
				GCC_WARN_UNUSED_VARIABLE = YES;
				IPHONEOS_DEPLOYMENT_TARGET = 14.2;
				MTL_ENABLE_DEBUG_INFO = INCLUDE_SOURCE;
				MTL_FAST_MATH = YES;
				ONLY_ACTIVE_ARCH = YES;
				SDKROOT = iphoneos;
				SWIFT_ACTIVE_COMPILATION_CONDITIONS = DEBUG;
				SWIFT_OPTIMIZATION_LEVEL = "-Onone";
			};
			name = Debug;
		};
		76BAD880251EE78000C25512 /* Release */ = {
			isa = XCBuildConfiguration;
			buildSettings = {
				ALWAYS_SEARCH_USER_PATHS = NO;
				CLANG_ANALYZER_NONNULL = YES;
				CLANG_ANALYZER_NUMBER_OBJECT_CONVERSION = YES_AGGRESSIVE;
				CLANG_CXX_LANGUAGE_STANDARD = "gnu++14";
				CLANG_CXX_LIBRARY = "libc++";
				CLANG_ENABLE_MODULES = YES;
				CLANG_ENABLE_OBJC_ARC = YES;
				CLANG_ENABLE_OBJC_WEAK = YES;
				CLANG_WARN_BLOCK_CAPTURE_AUTORELEASING = YES;
				CLANG_WARN_BOOL_CONVERSION = YES;
				CLANG_WARN_COMMA = YES;
				CLANG_WARN_CONSTANT_CONVERSION = YES;
				CLANG_WARN_DEPRECATED_OBJC_IMPLEMENTATIONS = YES;
				CLANG_WARN_DIRECT_OBJC_ISA_USAGE = YES_ERROR;
				CLANG_WARN_DOCUMENTATION_COMMENTS = YES;
				CLANG_WARN_EMPTY_BODY = YES;
				CLANG_WARN_ENUM_CONVERSION = YES;
				CLANG_WARN_INFINITE_RECURSION = YES;
				CLANG_WARN_INT_CONVERSION = YES;
				CLANG_WARN_NON_LITERAL_NULL_CONVERSION = YES;
				CLANG_WARN_OBJC_IMPLICIT_RETAIN_SELF = YES;
				CLANG_WARN_OBJC_LITERAL_CONVERSION = YES;
				CLANG_WARN_OBJC_ROOT_CLASS = YES_ERROR;
				CLANG_WARN_QUOTED_INCLUDE_IN_FRAMEWORK_HEADER = YES;
				CLANG_WARN_RANGE_LOOP_ANALYSIS = YES;
				CLANG_WARN_STRICT_PROTOTYPES = YES;
				CLANG_WARN_SUSPICIOUS_MOVE = YES;
				CLANG_WARN_UNGUARDED_AVAILABILITY = YES_AGGRESSIVE;
				CLANG_WARN_UNREACHABLE_CODE = YES;
				CLANG_WARN__DUPLICATE_METHOD_MATCH = YES;
				COPY_PHASE_STRIP = NO;
				DEBUG_INFORMATION_FORMAT = "dwarf-with-dsym";
				ENABLE_NS_ASSERTIONS = NO;
				ENABLE_STRICT_OBJC_MSGSEND = YES;
				GCC_C_LANGUAGE_STANDARD = gnu11;
				GCC_NO_COMMON_BLOCKS = YES;
				GCC_WARN_64_TO_32_BIT_CONVERSION = YES;
				GCC_WARN_ABOUT_RETURN_TYPE = YES_ERROR;
				GCC_WARN_UNDECLARED_SELECTOR = YES;
				GCC_WARN_UNINITIALIZED_AUTOS = YES_AGGRESSIVE;
				GCC_WARN_UNUSED_FUNCTION = YES;
				GCC_WARN_UNUSED_VARIABLE = YES;
				IPHONEOS_DEPLOYMENT_TARGET = 14.2;
				MTL_ENABLE_DEBUG_INFO = NO;
				MTL_FAST_MATH = YES;
				SDKROOT = iphoneos;
				SWIFT_COMPILATION_MODE = wholemodule;
				SWIFT_OPTIMIZATION_LEVEL = "-O";
				VALIDATE_PRODUCT = YES;
			};
			name = Release;
		};
		76BAD882251EE78000C25512 /* Debug */ = {
			isa = XCBuildConfiguration;
			buildSettings = {
				ASSETCATALOG_COMPILER_APPICON_NAME = AppIcon;
				ASSETCATALOG_COMPILER_GLOBAL_ACCENT_COLOR_NAME = AccentColor;
				CODE_SIGN_STYLE = Automatic;
				DEVELOPMENT_ASSET_PATHS = "\"Project ICNS/Preview Content\"";
				DEVELOPMENT_TEAM = Z3S9P7U36J;
				ENABLE_PREVIEWS = YES;
				INFOPLIST_FILE = "Project ICNS/Info.plist";
				IPHONEOS_DEPLOYMENT_TARGET = 14.0;
				LD_RUNPATH_SEARCH_PATHS = (
					"$(inherited)",
					"@executable_path/Frameworks",
				);
				PRODUCT_BUNDLE_IDENTIFIER = "u-bensova.Project-ICNS";
				PRODUCT_NAME = "$(TARGET_NAME)";
				SWIFT_VERSION = 5.0;
				TARGETED_DEVICE_FAMILY = "1,2";
			};
			name = Debug;
		};
		76BAD883251EE78000C25512 /* Release */ = {
			isa = XCBuildConfiguration;
			buildSettings = {
				ASSETCATALOG_COMPILER_APPICON_NAME = AppIcon;
				ASSETCATALOG_COMPILER_GLOBAL_ACCENT_COLOR_NAME = AccentColor;
				CODE_SIGN_STYLE = Automatic;
				DEVELOPMENT_ASSET_PATHS = "\"Project ICNS/Preview Content\"";
				DEVELOPMENT_TEAM = Z3S9P7U36J;
				ENABLE_PREVIEWS = YES;
				INFOPLIST_FILE = "Project ICNS/Info.plist";
				IPHONEOS_DEPLOYMENT_TARGET = 14.0;
				LD_RUNPATH_SEARCH_PATHS = (
					"$(inherited)",
					"@executable_path/Frameworks",
				);
				PRODUCT_BUNDLE_IDENTIFIER = "u-bensova.Project-ICNS";
				PRODUCT_NAME = "$(TARGET_NAME)";
				SWIFT_VERSION = 5.0;
				TARGETED_DEVICE_FAMILY = "1,2";
			};
			name = Release;
		};
/* End XCBuildConfiguration section */

/* Begin XCConfigurationList section */
		76BAD86B251EE77D00C25512 /* Build configuration list for PBXProject "Project ICNS" */ = {
			isa = XCConfigurationList;
			buildConfigurations = (
				76BAD87F251EE78000C25512 /* Debug */,
				76BAD880251EE78000C25512 /* Release */,
			);
			defaultConfigurationIsVisible = 0;
			defaultConfigurationName = Release;
		};
		76BAD881251EE78000C25512 /* Build configuration list for PBXNativeTarget "Project ICNS" */ = {
			isa = XCConfigurationList;
			buildConfigurations = (
				76BAD882251EE78000C25512 /* Debug */,
				76BAD883251EE78000C25512 /* Release */,
			);
			defaultConfigurationIsVisible = 0;
			defaultConfigurationName = Release;
		};
/* End XCConfigurationList section */

/* Begin XCSwiftPackageProductDependency section */
		76BAD88D251FCA3600C25512 /* SwiftUIX */ = {
			isa = XCSwiftPackageProductDependency;
			productName = SwiftUIX;
		};
/* End XCSwiftPackageProductDependency section */
	};
	rootObject = 76BAD868251EE77D00C25512 /* Project object */;
}
